PODS:
  - AANotifier (1.1):
    - AAViewAnimator (~> 1.1)
  - AAViewAnimator (1.1)

DEPENDENCIES:
  - AANotifier (from `../`)

SPEC REPOS:
  https://github.com/cocoapods/specs.git:
    - AAViewAnimator

EXTERNAL SOURCES:
  AANotifier:
    :path: "../"

SPEC CHECKSUMS:
  AANotifier: 1728da12d929b858fd87d157e5d4d99d1b560c63
  AAViewAnimator: 3cbd05e73ebda910231f966f8043ba96e674eee5

PODFILE CHECKSUM: a646af3d9c99e913233dddf8477b4dcef01b35ab

COCOAPODS: 1.6.2
